// !$*UTF8*$!
{
	archiveVersion = 1;
	classes = {
	};
	objectVersion = 56;
	objects = {

/* Begin PBXBuildFile section */
		8400692829FEA734006FFF3A /* NewsAppApp.swift in Sources */ = {isa = PBXBuildFile; fileRef = 8400692729FEA734006FFF3A /* NewsAppApp.swift */; };
		8400692A29FEA734006FFF3A /* ContentView.swift in Sources */ = {isa = PBXBuildFile; fileRef = 8400692929FEA734006FFF3A /* ContentView.swift */; };
		8400692C29FEA735006FFF3A /* Assets.xcassets in Resources */ = {isa = PBXBuildFile; fileRef = 8400692B29FEA735006FFF3A /* Assets.xcassets */; };
		8400692F29FEA735006FFF3A /* Preview Assets.xcassets in Resources */ = {isa = PBXBuildFile; fileRef = 8400692E29FEA735006FFF3A /* Preview Assets.xcassets */; };
		8400693C29FEACCA006FFF3A /* News.swift in Sources */ = {isa = PBXBuildFile; fileRef = 8400693B29FEACCA006FFF3A /* News.swift */; };
		8400693F29FEADF9006FFF3A /* API.swift in Sources */ = {isa = PBXBuildFile; fileRef = 8400693E29FEADF9006FFF3A /* API.swift */; };
		840069422A00F5E3006FFF3A /* NetworkService.swift in Sources */ = {isa = PBXBuildFile; fileRef = 840069412A00F5E3006FFF3A /* NetworkService.swift */; };
		840069442A00FA1B006FFF3A /* NewsViewModel.swift in Sources */ = {isa = PBXBuildFile; fileRef = 840069432A00FA1B006FFF3A /* NewsViewModel.swift */; };
		840069482A00FB44006FFF3A /* NewsListVM.swift in Sources */ = {isa = PBXBuildFile; fileRef = 840069472A00FB44006FFF3A /* NewsListVM.swift */; };
		8400694A2A01229F006FFF3A /* NewsCell.swift in Sources */ = {isa = PBXBuildFile; fileRef = 840069492A01229F006FFF3A /* NewsCell.swift */; };
		8400694C2A0128A2006FFF3A /* NewsListView.swift in Sources */ = {isa = PBXBuildFile; fileRef = 8400694B2A0128A2006FFF3A /* NewsListView.swift */; };
		8400694E2A0129D9006FFF3A /* NewsHome.swift in Sources */ = {isa = PBXBuildFile; fileRef = 8400694D2A0129D9006FFF3A /* NewsHome.swift */; };
		840069502A013289006FFF3A /* NewsBookmarkViewModel.swift in Sources */ = {isa = PBXBuildFile; fileRef = 8400694F2A013289006FFF3A /* NewsBookmarkViewModel.swift */; };
		840069522A0156DC006FFF3A /* NewsTabView.swift in Sources */ = {isa = PBXBuildFile; fileRef = 840069512A0156DC006FFF3A /* NewsTabView.swift */; };
/* End PBXBuildFile section */

/* Begin PBXFileReference section */
		8400692429FEA734006FFF3A /* NewsApp.app */ = {isa = PBXFileReference; explicitFileType = wrapper.application; includeInIndex = 0; path = NewsApp.app; sourceTree = BUILT_PRODUCTS_DIR; };
		8400692729FEA734006FFF3A /* NewsAppApp.swift */ = {isa = PBXFileReference; lastKnownFileType = sourcecode.swift; path = NewsAppApp.swift; sourceTree = "<group>"; };
		8400692929FEA734006FFF3A /* ContentView.swift */ = {isa = PBXFileReference; lastKnownFileType = sourcecode.swift; path = ContentView.swift; sourceTree = "<group>"; };
		8400692B29FEA735006FFF3A /* Assets.xcassets */ = {isa = PBXFileReference; lastKnownFileType = folder.assetcatalog; path = Assets.xcassets; sourceTree = "<group>"; };
		8400692E29FEA735006FFF3A /* Preview Assets.xcassets */ = {isa = PBXFileReference; lastKnownFileType = folder.assetcatalog; path = "Preview Assets.xcassets"; sourceTree = "<group>"; };
		8400693B29FEACCA006FFF3A /* News.swift */ = {isa = PBXFileReference; lastKnownFileType = sourcecode.swift; path = News.swift; sourceTree = "<group>"; };
		8400693E29FEADF9006FFF3A /* API.swift */ = {isa = PBXFileReference; lastKnownFileType = sourcecode.swift; path = API.swift; sourceTree = "<group>"; };
		840069412A00F5E3006FFF3A /* NetworkService.swift */ = {isa = PBXFileReference; lastKnownFileType = sourcecode.swift; path = NetworkService.swift; sourceTree = "<group>"; };
		840069432A00FA1B006FFF3A /* NewsViewModel.swift */ = {isa = PBXFileReference; lastKnownFileType = sourcecode.swift; path = NewsViewModel.swift; sourceTree = "<group>"; };
		840069472A00FB44006FFF3A /* NewsListVM.swift */ = {isa = PBXFileReference; lastKnownFileType = sourcecode.swift; path = NewsListVM.swift; sourceTree = "<group>"; };
		840069492A01229F006FFF3A /* NewsCell.swift */ = {isa = PBXFileReference; lastKnownFileType = sourcecode.swift; path = NewsCell.swift; sourceTree = "<group>"; };
		8400694B2A0128A2006FFF3A /* NewsListView.swift */ = {isa = PBXFileReference; lastKnownFileType = sourcecode.swift; path = NewsListView.swift; sourceTree = "<group>"; };
		8400694D2A0129D9006FFF3A /* NewsHome.swift */ = {isa = PBXFileReference; lastKnownFileType = sourcecode.swift; path = NewsHome.swift; sourceTree = "<group>"; };
		8400694F2A013289006FFF3A /* NewsBookmarkViewModel.swift */ = {isa = PBXFileReference; lastKnownFileType = sourcecode.swift; path = NewsBookmarkViewModel.swift; sourceTree = "<group>"; };
		840069512A0156DC006FFF3A /* NewsTabView.swift */ = {isa = PBXFileReference; lastKnownFileType = sourcecode.swift; path = NewsTabView.swift; sourceTree = "<group>"; };
/* End PBXFileReference section */

/* Begin PBXFrameworksBuildPhase section */
		8400692129FEA734006FFF3A /* Frameworks */ = {
			isa = PBXFrameworksBuildPhase;
			buildActionMask = 2147483647;
			files = (
			);
			runOnlyForDeploymentPostprocessing = 0;
		};
/* End PBXFrameworksBuildPhase section */

/* Begin PBXGroup section */
		8400691B29FEA734006FFF3A = {
			isa = PBXGroup;
			children = (
				8400692629FEA734006FFF3A /* NewsApp */,
				8400692529FEA734006FFF3A /* Products */,
			);
			sourceTree = "<group>";
		};
		8400692529FEA734006FFF3A /* Products */ = {
			isa = PBXGroup;
			children = (
				8400692429FEA734006FFF3A /* NewsApp.app */,
			);
			name = Products;
			sourceTree = "<group>";
		};
		8400692629FEA734006FFF3A /* NewsApp */ = {
			isa = PBXGroup;
			children = (
				8400694029FEAE4F006FFF3A /* Services */,
				8400693D29FEADEE006FFF3A /* Config */,
				8400693A29FEABDB006FFF3A /* Views */,
				8400693929FEABCE006FFF3A /* ViewModels */,
				8400693529FEA892006FFF3A /* Models */,
				8400692729FEA734006FFF3A /* NewsAppApp.swift */,
				8400692D29FEA735006FFF3A /* Preview Content */,
				8400693829FEAB9E006FFF3A /* AppRelated */,
			);
			path = NewsApp;
			sourceTree = "<group>";
		};
		8400692D29FEA735006FFF3A /* Preview Content */ = {
			isa = PBXGroup;
			children = (
				8400692E29FEA735006FFF3A /* Preview Assets.xcassets */,
			);
			path = "Preview Content";
			sourceTree = "<group>";
		};
		8400693529FEA892006FFF3A /* Models */ = {
			isa = PBXGroup;
			children = (
				8400693B29FEACCA006FFF3A /* News.swift */,
			);
			path = Models;
			sourceTree = "<group>";
		};
		8400693829FEAB9E006FFF3A /* AppRelated */ = {
			isa = PBXGroup;
			children = (
				8400692B29FEA735006FFF3A /* Assets.xcassets */,
			);
			path = AppRelated;
			sourceTree = "<group>";
		};
		8400693929FEABCE006FFF3A /* ViewModels */ = {
			isa = PBXGroup;
			children = (
				840069432A00FA1B006FFF3A /* NewsViewModel.swift */,
				840069472A00FB44006FFF3A /* NewsListVM.swift */,
				8400694F2A013289006FFF3A /* NewsBookmarkViewModel.swift */,
			);
			path = ViewModels;
			sourceTree = "<group>";
		};
		8400693A29FEABDB006FFF3A /* Views */ = {
			isa = PBXGroup;
			children = (
				8400692929FEA734006FFF3A /* ContentView.swift */,
				840069492A01229F006FFF3A /* NewsCell.swift */,
				8400694B2A0128A2006FFF3A /* NewsListView.swift */,
				8400694D2A0129D9006FFF3A /* NewsHome.swift */,
				840069512A0156DC006FFF3A /* NewsTabView.swift */,
			);
			path = Views;
			sourceTree = "<group>";
		};
		8400693D29FEADEE006FFF3A /* Config */ = {
			isa = PBXGroup;
			children = (
				8400693E29FEADF9006FFF3A /* API.swift */,
			);
			path = Config;
			sourceTree = "<group>";
		};
		8400694029FEAE4F006FFF3A /* Services */ = {
			isa = PBXGroup;
			children = (
				840069412A00F5E3006FFF3A /* NetworkService.swift */,
			);
			path = Services;
			sourceTree = "<group>";
		};
/* End PBXGroup section */

/* Begin PBXNativeTarget section */
		8400692329FEA734006FFF3A /* NewsApp */ = {
			isa = PBXNativeTarget;
			buildConfigurationList = 8400693229FEA735006FFF3A /* Build configuration list for PBXNativeTarget "NewsApp" */;
			buildPhases = (
				8400692029FEA734006FFF3A /* Sources */,
				8400692129FEA734006FFF3A /* Frameworks */,
				8400692229FEA734006FFF3A /* Resources */,
			);
			buildRules = (
			);
			dependencies = (
			);
			name = NewsApp;
			productName = NewsApp;
			productReference = 8400692429FEA734006FFF3A /* NewsApp.app */;
			productType = "com.apple.product-type.application";
		};
/* End PBXNativeTarget section */

/* Begin PBXProject section */
		8400691C29FEA734006FFF3A /* Project object */ = {
			isa = PBXProject;
			attributes = {
				BuildIndependentTargetsInParallel = 1;
				LastSwiftUpdateCheck = 1430;
				LastUpgradeCheck = 1430;
				TargetAttributes = {
					8400692329FEA734006FFF3A = {
						CreatedOnToolsVersion = 14.3;
					};
				};
			};
			buildConfigurationList = 8400691F29FEA734006FFF3A /* Build configuration list for PBXProject "NewsApp" */;
			compatibilityVersion = "Xcode 14.0";
			developmentRegion = en;
			hasScannedForEncodings = 0;
			knownRegions = (
				en,
				Base,
			);
			mainGroup = 8400691B29FEA734006FFF3A;
			productRefGroup = 8400692529FEA734006FFF3A /* Products */;
			projectDirPath = "";
			projectRoot = "";
			targets = (
				8400692329FEA734006FFF3A /* NewsApp */,
			);
		};
/* End PBXProject section */

/* Begin PBXResourcesBuildPhase section */
		8400692229FEA734006FFF3A /* Resources */ = {
			isa = PBXResourcesBuildPhase;
			buildActionMask = 2147483647;
			files = (
				8400692F29FEA735006FFF3A /* Preview Assets.xcassets in Resources */,
				8400692C29FEA735006FFF3A /* Assets.xcassets in Resources */,
			);
			runOnlyForDeploymentPostprocessing = 0;
		};
/* End PBXResourcesBuildPhase section */

/* Begin PBXSourcesBuildPhase section */
		8400692029FEA734006FFF3A /* Sources */ = {
			isa = PBXSourcesBuildPhase;
			buildActionMask = 2147483647;
			files = (
				840069422A00F5E3006FFF3A /* NetworkService.swift in Sources */,
				840069482A00FB44006FFF3A /* NewsListVM.swift in Sources */,
				840069442A00FA1B006FFF3A /* NewsViewModel.swift in Sources */,
				840069522A0156DC006FFF3A /* NewsTabView.swift in Sources */,
				8400693C29FEACCA006FFF3A /* News.swift in Sources */,
				8400692A29FEA734006FFF3A /* ContentView.swift in Sources */,
				8400693F29FEADF9006FFF3A /* API.swift in Sources */,
				8400694A2A01229F006FFF3A /* NewsCell.swift in Sources */,
				8400694C2A0128A2006FFF3A /* NewsListView.swift in Sources */,
				8400692829FEA734006FFF3A /* NewsAppApp.swift in Sources */,
				8400694E2A0129D9006FFF3A /* NewsHome.swift in Sources */,
				840069502A013289006FFF3A /* NewsBookmarkViewModel.swift in Sources */,
			);
			runOnlyForDeploymentPostprocessing = 0;
		};
/* End PBXSourcesBuildPhase section */

/* Begin XCBuildConfiguration section */
		8400693029FEA735006FFF3A /* Debug */ = {
			isa = XCBuildConfiguration;
			buildSettings = {
				ALWAYS_SEARCH_USER_PATHS = NO;
				CLANG_ANALYZER_NONNULL = YES;
				CLANG_ANALYZER_NUMBER_OBJECT_CONVERSION = YES_AGGRESSIVE;
				CLANG_CXX_LANGUAGE_STANDARD = "gnu++20";
				CLANG_ENABLE_MODULES = YES;
				CLANG_ENABLE_OBJC_ARC = YES;
				CLANG_ENABLE_OBJC_WEAK = YES;
				CLANG_WARN_BLOCK_CAPTURE_AUTORELEASING = YES;
				CLANG_WARN_BOOL_CONVERSION = YES;
				CLANG_WARN_COMMA = YES;
				CLANG_WARN_CONSTANT_CONVERSION = YES;
				CLANG_WARN_DEPRECATED_OBJC_IMPLEMENTATIONS = YES;
				CLANG_WARN_DIRECT_OBJC_ISA_USAGE = YES_ERROR;
				CLANG_WARN_DOCUMENTATION_COMMENTS = YES;
				CLANG_WARN_EMPTY_BODY = YES;
				CLANG_WARN_ENUM_CONVERSION = YES;
				CLANG_WARN_INFINITE_RECURSION = YES;
				CLANG_WARN_INT_CONVERSION = YES;
				CLANG_WARN_NON_LITERAL_NULL_CONVERSION = YES;
				CLANG_WARN_OBJC_IMPLICIT_RETAIN_SELF = YES;
				CLANG_WARN_OBJC_LITERAL_CONVERSION = YES;
				CLANG_WARN_OBJC_ROOT_CLASS = YES_ERROR;
				CLANG_WARN_QUOTED_INCLUDE_IN_FRAMEWORK_HEADER = YES;
				CLANG_WARN_RANGE_LOOP_ANALYSIS = YES;
				CLANG_WARN_STRICT_PROTOTYPES = YES;
				CLANG_WARN_SUSPICIOUS_MOVE = YES;
				CLANG_WARN_UNGUARDED_AVAILABILITY = YES_AGGRESSIVE;
				CLANG_WARN_UNREACHABLE_CODE = YES;
				CLANG_WARN__DUPLICATE_METHOD_MATCH = YES;
				COPY_PHASE_STRIP = NO;
				DEBUG_INFORMATION_FORMAT = dwarf;
				ENABLE_STRICT_OBJC_MSGSEND = YES;
				ENABLE_TESTABILITY = YES;
				GCC_C_LANGUAGE_STANDARD = gnu11;
				GCC_DYNAMIC_NO_PIC = NO;
				GCC_NO_COMMON_BLOCKS = YES;
				GCC_OPTIMIZATION_LEVEL = 0;
				GCC_PREPROCESSOR_DEFINITIONS = (
					"DEBUG=1",
					"$(inherited)",
				);
				GCC_WARN_64_TO_32_BIT_CONVERSION = YES;
				GCC_WARN_ABOUT_RETURN_TYPE = YES_ERROR;
				GCC_WARN_UNDECLARED_SELECTOR = YES;
				GCC_WARN_UNINITIALIZED_AUTOS = YES_AGGRESSIVE;
				GCC_WARN_UNUSED_FUNCTION = YES;
				GCC_WARN_UNUSED_VARIABLE = YES;
				IPHONEOS_DEPLOYMENT_TARGET = 16.4;
				MTL_ENABLE_DEBUG_INFO = INCLUDE_SOURCE;
				MTL_FAST_MATH = YES;
				ONLY_ACTIVE_ARCH = YES;
				SDKROOT = iphoneos;
				SWIFT_ACTIVE_COMPILATION_CONDITIONS = DEBUG;
				SWIFT_OPTIMIZATION_LEVEL = "-Onone";
			};
			name = Debug;
		};
		8400693129FEA735006FFF3A /* Release */ = {
			isa = XCBuildConfiguration;
			buildSettings = {
				ALWAYS_SEARCH_USER_PATHS = NO;
				CLANG_ANALYZER_NONNULL = YES;
				CLANG_ANALYZER_NUMBER_OBJECT_CONVERSION = YES_AGGRESSIVE;
				CLANG_CXX_LANGUAGE_STANDARD = "gnu++20";
				CLANG_ENABLE_MODULES = YES;
				CLANG_ENABLE_OBJC_ARC = YES;
				CLANG_ENABLE_OBJC_WEAK = YES;
				CLANG_WARN_BLOCK_CAPTURE_AUTORELEASING = YES;
				CLANG_WARN_BOOL_CONVERSION = YES;
				CLANG_WARN_COMMA = YES;
				CLANG_WARN_CONSTANT_CONVERSION = YES;
				CLANG_WARN_DEPRECATED_OBJC_IMPLEMENTATIONS = YES;
				CLANG_WARN_DIRECT_OBJC_ISA_USAGE = YES_ERROR;
				CLANG_WARN_DOCUMENTATION_COMMENTS = YES;
				CLANG_WARN_EMPTY_BODY = YES;
				CLANG_WARN_ENUM_CONVERSION = YES;
				CLANG_WARN_INFINITE_RECURSION = YES;
				CLANG_WARN_INT_CONVERSION = YES;
				CLANG_WARN_NON_LITERAL_NULL_CONVERSION = YES;
				CLANG_WARN_OBJC_IMPLICIT_RETAIN_SELF = YES;
				CLANG_WARN_OBJC_LITERAL_CONVERSION = YES;
				CLANG_WARN_OBJC_ROOT_CLASS = YES_ERROR;
				CLANG_WARN_QUOTED_INCLUDE_IN_FRAMEWORK_HEADER = YES;
				CLANG_WARN_RANGE_LOOP_ANALYSIS = YES;
				CLANG_WARN_STRICT_PROTOTYPES = YES;
				CLANG_WARN_SUSPICIOUS_MOVE = YES;
				CLANG_WARN_UNGUARDED_AVAILABILITY = YES_AGGRESSIVE;
				CLANG_WARN_UNREACHABLE_CODE = YES;
				CLANG_WARN__DUPLICATE_METHOD_MATCH = YES;
				COPY_PHASE_STRIP = NO;
				DEBUG_INFORMATION_FORMAT = "dwarf-with-dsym";
				ENABLE_NS_ASSERTIONS = NO;
				ENABLE_STRICT_OBJC_MSGSEND = YES;
				GCC_C_LANGUAGE_STANDARD = gnu11;
				GCC_NO_COMMON_BLOCKS = YES;
				GCC_WARN_64_TO_32_BIT_CONVERSION = YES;
				GCC_WARN_ABOUT_RETURN_TYPE = YES_ERROR;
				GCC_WARN_UNDECLARED_SELECTOR = YES;
				GCC_WARN_UNINITIALIZED_AUTOS = YES_AGGRESSIVE;
				GCC_WARN_UNUSED_FUNCTION = YES;
				GCC_WARN_UNUSED_VARIABLE = YES;
				IPHONEOS_DEPLOYMENT_TARGET = 16.4;
				MTL_ENABLE_DEBUG_INFO = NO;
				MTL_FAST_MATH = YES;
				SDKROOT = iphoneos;
				SWIFT_COMPILATION_MODE = wholemodule;
				SWIFT_OPTIMIZATION_LEVEL = "-O";
				VALIDATE_PRODUCT = YES;
			};
			name = Release;
		};
		8400693329FEA735006FFF3A /* Debug */ = {
			isa = XCBuildConfiguration;
			buildSettings = {
				ASSETCATALOG_COMPILER_APPICON_NAME = AppIcon;
				ASSETCATALOG_COMPILER_GLOBAL_ACCENT_COLOR_NAME = AccentColor;
				CODE_SIGN_STYLE = Automatic;
				CURRENT_PROJECT_VERSION = 1;
				DEVELOPMENT_ASSET_PATHS = "\"NewsApp/Preview Content\"";
				DEVELOPMENT_TEAM = 9MHYTDB9DP;
				ENABLE_PREVIEWS = YES;
				GENERATE_INFOPLIST_FILE = YES;
				INFOPLIST_KEY_UIApplicationSceneManifest_Generation = YES;
				INFOPLIST_KEY_UIApplicationSupportsIndirectInputEvents = YES;
				INFOPLIST_KEY_UILaunchScreen_Generation = YES;
				INFOPLIST_KEY_UISupportedInterfaceOrientations_iPad = "UIInterfaceOrientationPortrait UIInterfaceOrientationPortraitUpsideDown UIInterfaceOrientationLandscapeLeft UIInterfaceOrientationLandscapeRight";
				INFOPLIST_KEY_UISupportedInterfaceOrientations_iPhone = "UIInterfaceOrientationPortrait UIInterfaceOrientationLandscapeLeft UIInterfaceOrientationLandscapeRight";
				LD_RUNPATH_SEARCH_PATHS = (
					"$(inherited)",
					"@executable_path/Frameworks",
				);
				MARKETING_VERSION = 1.0;
				PRODUCT_BUNDLE_IDENTIFIER = com.evoroncova.NewsApp;
				PRODUCT_NAME = "$(TARGET_NAME)";
				SWIFT_EMIT_LOC_STRINGS = YES;
				SWIFT_VERSION = 5.0;
				TARGETED_DEVICE_FAMILY = "1,2";
			};
			name = Debug;
		};
		8400693429FEA735006FFF3A /* Release */ = {
			isa = XCBuildConfiguration;
			buildSettings = {
				ASSETCATALOG_COMPILER_APPICON_NAME = AppIcon;
				ASSETCATALOG_COMPILER_GLOBAL_ACCENT_COLOR_NAME = AccentColor;
				CODE_SIGN_STYLE = Automatic;
				CURRENT_PROJECT_VERSION = 1;
				DEVELOPMENT_ASSET_PATHS = "\"NewsApp/Preview Content\"";
				DEVELOPMENT_TEAM = 9MHYTDB9DP;
				ENABLE_PREVIEWS = YES;
				GENERATE_INFOPLIST_FILE = YES;
				INFOPLIST_KEY_UIApplicationSceneManifest_Generation = YES;
				INFOPLIST_KEY_UIApplicationSupportsIndirectInputEvents = YES;
				INFOPLIST_KEY_UILaunchScreen_Generation = YES;
				INFOPLIST_KEY_UISupportedInterfaceOrientations_iPad = "UIInterfaceOrientationPortrait UIInterfaceOrientationPortraitUpsideDown UIInterfaceOrientationLandscapeLeft UIInterfaceOrientationLandscapeRight";
				INFOPLIST_KEY_UISupportedInterfaceOrientations_iPhone = "UIInterfaceOrientationPortrait UIInterfaceOrientationLandscapeLeft UIInterfaceOrientationLandscapeRight";
				LD_RUNPATH_SEARCH_PATHS = (
					"$(inherited)",
					"@executable_path/Frameworks",
				);
				MARKETING_VERSION = 1.0;
				PRODUCT_BUNDLE_IDENTIFIER = com.evoroncova.NewsApp;
				PRODUCT_NAME = "$(TARGET_NAME)";
				SWIFT_EMIT_LOC_STRINGS = YES;
				SWIFT_VERSION = 5.0;
				TARGETED_DEVICE_FAMILY = "1,2";
			};
			name = Release;
		};
/* End XCBuildConfiguration section */

/* Begin XCConfigurationList section */
		8400691F29FEA734006FFF3A /* Build configuration list for PBXProject "NewsApp" */ = {
			isa = XCConfigurationList;
			buildConfigurations = (
				8400693029FEA735006FFF3A /* Debug */,
				8400693129FEA735006FFF3A /* Release */,
			);
			defaultConfigurationIsVisible = 0;
			defaultConfigurationName = Release;
		};
		8400693229FEA735006FFF3A /* Build configuration list for PBXNativeTarget "NewsApp" */ = {
			isa = XCConfigurationList;
			buildConfigurations = (
				8400693329FEA735006FFF3A /* Debug */,
				8400693429FEA735006FFF3A /* Release */,
			);
			defaultConfigurationIsVisible = 0;
			defaultConfigurationName = Release;
		};
/* End XCConfigurationList section */
	};
	rootObject = 8400691C29FEA734006FFF3A /* Project object */;
}
